
Microsoft Visual Studio Solution File, Format Version 12.00
# Visual Studio 14
VisualStudioVersion = 14.0.25420.1
MinimumVisualStudioVersion = 10.0.40219.1
Project("{FAE04EC0-301F-11D3-BF4B-00C04F79EFBC}") = "MobilePromotion.Android", "MobilePromotion\MobilePromotion.Android\MobilePromotion.Android.csproj", "{9A258CC2-3D7E-4B5A-8EEF-6199676652CD}"
EndProject
Project("{FAE04EC0-301F-11D3-BF4B-00C04F79EFBC}") = "MobilePromotion", "MobilePromotion\MobilePromotion\MobilePromotion.csproj", "{D59E0D67-BED6-4A87-8BD6-DC7C73C4FF84}"
EndProject
Project("{FAE04EC0-301F-11D3-BF4B-00C04F79EFBC}") = "MobilePromotion.iOS", "MobilePromotion\MobilePromotion.iOS\MobilePromotion.iOS.csproj", "{3460EC47-6C6A-4333-9596-C6980B6B9510}"
EndProject
Global
	GlobalSection(SolutionConfigurationPlatforms) = preSolution
		Ad-Hoc|Any CPU = Ad-Hoc|Any CPU
		Ad-Hoc|iPhone = Ad-Hoc|iPhone
		Ad-Hoc|iPhoneSimulator = Ad-Hoc|iPhoneSimulator
		AppStore|Any CPU = AppStore|Any CPU
		AppStore|iPhone = AppStore|iPhone
		AppStore|iPhoneSimulator = AppStore|iPhoneSimulator
		Debug|Any CPU = Debug|Any CPU
		Debug|iPhone = Debug|iPhone
		Debug|iPhoneSimulator = Debug|iPhoneSimulator
		Release|Any CPU = Release|Any CPU
		Release|iPhone = Release|iPhone
		Release|iPhoneSimulator = Release|iPhoneSimulator
	EndGlobalSection
	GlobalSection(ProjectConfigurationPlatforms) = postSolution
		{9A258CC2-3D7E-4B5A-8EEF-6199676652CD}.Ad-Hoc|Any CPU.ActiveCfg = Release|Any CPU
		{9A258CC2-3D7E-4B5A-8EEF-6199676652CD}.Ad-Hoc|Any CPU.Build.0 = Release|Any CPU
		{9A258CC2-3D7E-4B5A-8EEF-6199676652CD}.Ad-Hoc|Any CPU.Deploy.0 = Release|Any CPU
		{9A258CC2-3D7E-4B5A-8EEF-6199676652CD}.Ad-Hoc|iPhone.ActiveCfg = Release|Any CPU
		{9A258CC2-3D7E-4B5A-8EEF-6199676652CD}.Ad-Hoc|iPhone.Build.0 = Release|Any CPU
		{9A258CC2-3D7E-4B5A-8EEF-6199676652CD}.Ad-Hoc|iPhone.Deploy.0 = Release|Any CPU
		{9A258CC2-3D7E-4B5A-8EEF-6199676652CD}.Ad-Hoc|iPhoneSimulator.ActiveCfg = Release|Any CPU
		{9A258CC2-3D7E-4B5A-8EEF-6199676652CD}.Ad-Hoc|iPhoneSimulator.Build.0 = Release|Any CPU
		{9A258CC2-3D7E-4B5A-8EEF-6199676652CD}.Ad-Hoc|iPhoneSimulator.Deploy.0 = Release|Any CPU
		{9A258CC2-3D7E-4B5A-8EEF-6199676652CD}.AppStore|Any CPU.ActiveCfg = Release|Any CPU
		{9A258CC2-3D7E-4B5A-8EEF-6199676652CD}.AppStore|Any CPU.Build.0 = Release|Any CPU
		{9A258CC2-3D7E-4B5A-8EEF-6199676652CD}.AppStore|Any CPU.Deploy.0 = Release|Any CPU
		{9A258CC2-3D7E-4B5A-8EEF-6199676652CD}.AppStore|iPhone.ActiveCfg = Release|Any CPU
		{9A258CC2-3D7E-4B5A-8EEF-6199676652CD}.AppStore|iPhone.Build.0 = Release|Any CPU
		{9A258CC2-3D7E-4B5A-8EEF-6199676652CD}.AppStore|iPhone.Deploy.0 = Release|Any CPU
		{9A258CC2-3D7E-4B5A-8EEF-6199676652CD}.AppStore|iPhoneSimulator.ActiveCfg = Release|Any CPU
		{9A258CC2-3D7E-4B5A-8EEF-6199676652CD}.AppStore|iPhoneSimulator.Build.0 = Release|Any CPU
		{9A258CC2-3D7E-4B5A-8EEF-6199676652CD}.AppStore|iPhoneSimulator.Deploy.0 = Release|Any CPU
		{9A258CC2-3D7E-4B5A-8EEF-6199676652CD}.Debug|Any CPU.ActiveCfg = Debug|Any CPU
		{9A258CC2-3D7E-4B5A-8EEF-6199676652CD}.Debug|Any CPU.Build.0 = Debug|Any CPU
		{9A258CC2-3D7E-4B5A-8EEF-6199676652CD}.Debug|Any CPU.Deploy.0 = Debug|Any CPU
		{9A258CC2-3D7E-4B5A-8EEF-6199676652CD}.Debug|iPhone.ActiveCfg = Debug|Any CPU
		{9A258CC2-3D7E-4B5A-8EEF-6199676652CD}.Debug|iPhone.Build.0 = Debug|Any CPU
		{9A258CC2-3D7E-4B5A-8EEF-6199676652CD}.Debug|iPhone.Deploy.0 = Debug|Any CPU
		{9A258CC2-3D7E-4B5A-8EEF-6199676652CD}.Debug|iPhoneSimulator.ActiveCfg = Debug|Any CPU
		{9A258CC2-3D7E-4B5A-8EEF-6199676652CD}.Debug|iPhoneSimulator.Build.0 = Debug|Any CPU
		{9A258CC2-3D7E-4B5A-8EEF-6199676652CD}.Debug|iPhoneSimulator.Deploy.0 = Debug|Any CPU
		{9A258CC2-3D7E-4B5A-8EEF-6199676652CD}.Release|Any CPU.ActiveCfg = Release|Any CPU
		{9A258CC2-3D7E-4B5A-8EEF-6199676652CD}.Release|Any CPU.Build.0 = Release|Any CPU
		{9A258CC2-3D7E-4B5A-8EEF-6199676652CD}.Release|Any CPU.Deploy.0 = Release|Any CPU
		{9A258CC2-3D7E-4B5A-8EEF-6199676652CD}.Release|iPhone.ActiveCfg = Release|Any CPU
		{9A258CC2-3D7E-4B5A-8EEF-6199676652CD}.Release|iPhone.Build.0 = Release|Any CPU
		{9A258CC2-3D7E-4B5A-8EEF-6199676652CD}.Release|iPhone.Deploy.0 = Release|Any CPU
		{9A258CC2-3D7E-4B5A-8EEF-6199676652CD}.Release|iPhoneSimulator.ActiveCfg = Release|Any CPU
		{9A258CC2-3D7E-4B5A-8EEF-6199676652CD}.Release|iPhoneSimulator.Build.0 = Release|Any CPU
		{9A258CC2-3D7E-4B5A-8EEF-6199676652CD}.Release|iPhoneSimulator.Deploy.0 = Release|Any CPU
		{D59E0D67-BED6-4A87-8BD6-DC7C73C4FF84}.Ad-Hoc|Any CPU.ActiveCfg = Release|Any CPU
		{D59E0D67-BED6-4A87-8BD6-DC7C73C4FF84}.Ad-Hoc|Any CPU.Build.0 = Release|Any CPU
		{D59E0D67-BED6-4A87-8BD6-DC7C73C4FF84}.Ad-Hoc|iPhone.ActiveCfg = Release|Any CPU
		{D59E0D67-BED6-4A87-8BD6-DC7C73C4FF84}.Ad-Hoc|iPhone.Build.0 = Release|Any CPU
		{D59E0D67-BED6-4A87-8BD6-DC7C73C4FF84}.Ad-Hoc|iPhoneSimulator.ActiveCfg = Release|Any CPU
		{D59E0D67-BED6-4A87-8BD6-DC7C73C4FF84}.Ad-Hoc|iPhoneSimulator.Build.0 = Release|Any CPU
		{D59E0D67-BED6-4A87-8BD6-DC7C73C4FF84}.AppStore|Any CPU.ActiveCfg = Release|Any CPU
		{D59E0D67-BED6-4A87-8BD6-DC7C73C4FF84}.AppStore|Any CPU.Build.0 = Release|Any CPU
		{D59E0D67-BED6-4A87-8BD6-DC7C73C4FF84}.AppStore|iPhone.ActiveCfg = Release|Any CPU
		{D59E0D67-BED6-4A87-8BD6-DC7C73C4FF84}.AppStore|iPhone.Build.0 = Release|Any CPU
		{D59E0D67-BED6-4A87-8BD6-DC7C73C4FF84}.AppStore|iPhoneSimulator.ActiveCfg = Release|Any CPU
		{D59E0D67-BED6-4A87-8BD6-DC7C73C4FF84}.AppStore|iPhoneSimulator.Build.0 = Release|Any CPU
		{D59E0D67-BED6-4A87-8BD6-DC7C73C4FF84}.Debug|Any CPU.ActiveCfg = Debug|Any CPU
		{D59E0D67-BED6-4A87-8BD6-DC7C73C4FF84}.Debug|Any CPU.Build.0 = Debug|Any CPU
		{D59E0D67-BED6-4A87-8BD6-DC7C73C4FF84}.Debug|iPhone.ActiveCfg = Debug|Any CPU
		{D59E0D67-BED6-4A87-8BD6-DC7C73C4FF84}.Debug|iPhone.Build.0 = Debug|Any CPU
		{D59E0D67-BED6-4A87-8BD6-DC7C73C4FF84}.Debug|iPhoneSimulator.ActiveCfg = Debug|Any CPU
		{D59E0D67-BED6-4A87-8BD6-DC7C73C4FF84}.Debug|iPhoneSimulator.Build.0 = Debug|Any CPU
		{D59E0D67-BED6-4A87-8BD6-DC7C73C4FF84}.Release|Any CPU.ActiveCfg = Release|Any CPU
		{D59E0D67-BED6-4A87-8BD6-DC7C73C4FF84}.Release|Any CPU.Build.0 = Release|Any CPU
		{D59E0D67-BED6-4A87-8BD6-DC7C73C4FF84}.Release|iPhone.ActiveCfg = Release|Any CPU
		{D59E0D67-BED6-4A87-8BD6-DC7C73C4FF84}.Release|iPhone.Build.0 = Release|Any CPU
		{D59E0D67-BED6-4A87-8BD6-DC7C73C4FF84}.Release|iPhoneSimulator.ActiveCfg = Release|Any CPU
		{D59E0D67-BED6-4A87-8BD6-DC7C73C4FF84}.Release|iPhoneSimulator.Build.0 = Release|Any CPU
		{3460EC47-6C6A-4333-9596-C6980B6B9510}.Ad-Hoc|Any CPU.ActiveCfg = Ad-Hoc|iPhone
		{3460EC47-6C6A-4333-9596-C6980B6B9510}.Ad-Hoc|iPhone.ActiveCfg = Ad-Hoc|iPhone
		{3460EC47-6C6A-4333-9596-C6980B6B9510}.Ad-Hoc|iPhone.Build.0 = Ad-Hoc|iPhone
		{3460EC47-6C6A-4333-9596-C6980B6B9510}.Ad-Hoc|iPhoneSimulator.ActiveCfg = Ad-Hoc|iPhoneSimulator
		{3460EC47-6C6A-4333-9596-C6980B6B9510}.Ad-Hoc|iPhoneSimulator.Build.0 = Ad-Hoc|iPhoneSimulator
		{3460EC47-6C6A-4333-9596-C6980B6B9510}.AppStore|Any CPU.ActiveCfg = AppStore|iPhone
		{3460EC47-6C6A-4333-9596-C6980B6B9510}.AppStore|iPhone.ActiveCfg = AppStore|iPhone
		{3460EC47-6C6A-4333-9596-C6980B6B9510}.AppStore|iPhone.Build.0 = AppStore|iPhone
		{3460EC47-6C6A-4333-9596-C6980B6B9510}.AppStore|iPhoneSimulator.ActiveCfg = AppStore|iPhoneSimulator
		{3460EC47-6C6A-4333-9596-C6980B6B9510}.AppStore|iPhoneSimulator.Build.0 = AppStore|iPhoneSimulator
		{3460EC47-6C6A-4333-9596-C6980B6B9510}.Debug|Any CPU.ActiveCfg = Debug|iPhone
		{3460EC47-6C6A-4333-9596-C6980B6B9510}.Debug|iPhone.ActiveCfg = Debug|iPhone
		{3460EC47-6C6A-4333-9596-C6980B6B9510}.Debug|iPhone.Build.0 = Debug|iPhone
		{3460EC47-6C6A-4333-9596-C6980B6B9510}.Debug|iPhoneSimulator.ActiveCfg = Debug|iPhoneSimulator
		{3460EC47-6C6A-4333-9596-C6980B6B9510}.Debug|iPhoneSimulator.Build.0 = Debug|iPhoneSimulator
		{3460EC47-6C6A-4333-9596-C6980B6B9510}.Release|Any CPU.ActiveCfg = Release|iPhone
		{3460EC47-6C6A-4333-9596-C6980B6B9510}.Release|iPhone.ActiveCfg = Release|iPhone
		{3460EC47-6C6A-4333-9596-C6980B6B9510}.Release|iPhone.Build.0 = Release|iPhone
		{3460EC47-6C6A-4333-9596-C6980B6B9510}.Release|iPhoneSimulator.ActiveCfg = Release|iPhoneSimulator
		{3460EC47-6C6A-4333-9596-C6980B6B9510}.Release|iPhoneSimulator.Build.0 = Release|iPhoneSimulator
	EndGlobalSection
	GlobalSection(SolutionProperties) = preSolution
		HideSolutionNode = FALSE
	EndGlobalSection
EndGlobal
